
Microsoft Visual Studio Solution File, Format Version 12.00
# Visual Studio Version 17
VisualStudioVersion = 17.11.35312.102
MinimumVisualStudioVersion = 10.0.40219.1
Project("{FAE04EC0-301F-11D3-BF4B-00C04F79EFBC}") = "NextUISpecFlowPOM", "NextUISpecFlowPOM.csproj", "{15AC42E5-95D1-4F5B-99CA-E2CA012FB2FE}"
EndProject
Global
	GlobalSection(SolutionConfigurationPlatforms) = preSolution
		Debug|Any CPU = Debug|Any CPU
		Release|Any CPU = Release|Any CPU
	EndGlobalSection
	GlobalSection(ProjectConfigurationPlatforms) = postSolution
		{15AC42E5-95D1-4F5B-99CA-E2CA012FB2FE}.Debug|Any CPU.ActiveCfg = Debug|Any CPU
		{15AC42E5-95D1-4F5B-99CA-E2CA012FB2FE}.Debug|Any CPU.Build.0 = Debug|Any CPU
		{15AC42E5-95D1-4F5B-99CA-E2CA012FB2FE}.Release|Any CPU.ActiveCfg = Release|Any CPU
		{15AC42E5-95D1-4F5B-99CA-E2CA012FB2FE}.Release|Any CPU.Build.0 = Release|Any CPU
	EndGlobalSection
	GlobalSection(SolutionProperties) = preSolution
		HideSolutionNode = FALSE
	EndGlobalSection
	GlobalSection(ExtensibilityGlobals) = postSolution
		SolutionGuid = {0AB8FF3A-80FE-42B8-82D7-AA6EA1E5E499}
	EndGlobalSection
EndGlobal
